golang.org/x/net v0.0.0-20220923203811-8be639271d50 h1:vKyz8L3zkd+xrMeIaBsQ/MNVPVFSffdaU3ZyYlBGFnI=
golang.org/x/net v0.0.0-20220923203811-8be639271d50/go.mod h1:YDH+HFinaLZZlnHAfSS6ZXJJ9M9t4Dl22yv3iI2vPwk=
golang.org/x/sys v0.0.0-20220728004956-3c1f35247d10 h1:WIoqL4EROvwiPdUtaip4VcDdpZ4kha7wBWZrbVKCIZg=
golang.org/x/sys v0.0.0-20220728004956-3c1f35247d10/go.mod h1:oPkhp1MJrh7nUepCBck5+mAzfO9JrbApNNgaTdGDITg=
